
Microsoft Visual Studio Solution File, Format Version 12.00
# Visual Studio Version 17
VisualStudioVersion = 17.4.33213.308
MinimumVisualStudioVersion = 10.0.40219.1
Project("{9A19103F-16F7-4668-BE54-9A1E7A4F7556}") = "TreeSize", "OnlyFiles\TreeSize.csproj", "{A2EE304F-0F63-4FA9-AD96-0DBC2BF3530C}"
EndProject
Global
	GlobalSection(SolutionConfigurationPlatforms) = preSolution
		Debug|Any CPU = Debug|Any CPU
		Release|Any CPU = Release|Any CPU
	EndGlobalSection
	GlobalSection(ProjectConfigurationPlatforms) = postSolution
		{A2EE304F-0F63-4FA9-AD96-0DBC2BF3530C}.Debug|Any CPU.ActiveCfg = Debug|Any CPU
		{A2EE304F-0F63-4FA9-AD96-0DBC2BF3530C}.Debug|Any CPU.Build.0 = Debug|Any CPU
		{A2EE304F-0F63-4FA9-AD96-0DBC2BF3530C}.Release|Any CPU.ActiveCfg = Release|Any CPU
		{A2EE304F-0F63-4FA9-AD96-0DBC2BF3530C}.Release|Any CPU.Build.0 = Release|Any CPU
	EndGlobalSection
	GlobalSection(SolutionProperties) = preSolution
		HideSolutionNode = FALSE
	EndGlobalSection
	GlobalSection(ExtensibilityGlobals) = postSolution
		SolutionGuid = {35B7F71D-30CD-48E2-8C79-1956275E423D}
	EndGlobalSection
EndGlobal
